
Microsoft Visual Studio Solution File, Format Version 12.00
# Visual Studio Version 17
VisualStudioVersion = 17.14.36310.24 d17.14
MinimumVisualStudioVersion = 10.0.40219.1
Project("{FAE04EC0-301F-11D3-BF4B-00C04F79EFBC}") = "Evaluacion_T2", "Evaluacion_T2.csproj", "{2172B639-D4E2-4A3E-8CEA-7AFFE666F96C}"
EndProject
Global
	GlobalSection(SolutionConfigurationPlatforms) = preSolution
		Debug|Any CPU = Debug|Any CPU
		Release|Any CPU = Release|Any CPU
	EndGlobalSection
	GlobalSection(ProjectConfigurationPlatforms) = postSolution
		{2172B639-D4E2-4A3E-8CEA-7AFFE666F96C}.Debug|Any CPU.ActiveCfg = Debug|Any CPU
		{2172B639-D4E2-4A3E-8CEA-7AFFE666F96C}.Debug|Any CPU.Build.0 = Debug|Any CPU
		{2172B639-D4E2-4A3E-8CEA-7AFFE666F96C}.Release|Any CPU.ActiveCfg = Release|Any CPU
		{2172B639-D4E2-4A3E-8CEA-7AFFE666F96C}.Release|Any CPU.Build.0 = Release|Any CPU
	EndGlobalSection
	GlobalSection(SolutionProperties) = preSolution
		HideSolutionNode = FALSE
	EndGlobalSection
	GlobalSection(ExtensibilityGlobals) = postSolution
		SolutionGuid = {147F04D7-4ACF-4517-ACB1-F421398687D7}
	EndGlobalSection
EndGlobal
